// !$*UTF8*$!
{
	archiveVersion = 1;
	classes = {
	};
	objectVersion = 46;
	objects = {

/* Begin PBXBuildFile section */
		635526911DA9A47800390466 /* AppDelegate.swift in Sources */ = {isa = PBXBuildFile; fileRef = 635526901DA9A47800390466 /* AppDelegate.swift */; };
		635526931DA9A47800390466 /* MainViewController.swift in Sources */ = {isa = PBXBuildFile; fileRef = 635526921DA9A47800390466 /* MainViewController.swift */; };
		635526951DA9A47800390466 /* SettingsViewController.swift in Sources */ = {isa = PBXBuildFile; fileRef = 635526941DA9A47800390466 /* SettingsViewController.swift */; };
		635526981DA9A47800390466 /* Main.storyboard in Resources */ = {isa = PBXBuildFile; fileRef = 635526961DA9A47800390466 /* Main.storyboard */; };
		6355269A1DA9A47900390466 /* Assets.xcassets in Resources */ = {isa = PBXBuildFile; fileRef = 635526991DA9A47800390466 /* Assets.xcassets */; };
		6355269D1DA9A47900390466 /* LaunchScreen.storyboard in Resources */ = {isa = PBXBuildFile; fileRef = 6355269B1DA9A47900390466 /* LaunchScreen.storyboard */; };
		635526A61DAA8E6500390466 /* UserPath.swift in Sources */ = {isa = PBXBuildFile; fileRef = 635526A51DAA8E6500390466 /* UserPath.swift */; };
		635526A81DAA8E8F00390466 /* SiteKey.swift in Sources */ = {isa = PBXBuildFile; fileRef = 635526A71DAA8E8F00390466 /* SiteKey.swift */; };
		635526AA1DAA920500390466 /* HashGenerator.swift in Sources */ = {isa = PBXBuildFile; fileRef = 635526A91DAA920500390466 /* HashGenerator.swift */; };
		635526AC1DAA935C00390466 /* GridPassView.swift in Sources */ = {isa = PBXBuildFile; fileRef = 635526AB1DAA935C00390466 /* GridPassView.swift */; };
		6384D3851DBD381200522303 /* CyaSettings.swift in Sources */ = {isa = PBXBuildFile; fileRef = 6384D3841DBD381200522303 /* CyaSettings.swift */; };
		63A3A67E1DF32F23001DF72B /* GoogleService-Info.plist in Resources */ = {isa = PBXBuildFile; fileRef = 63A3A67D1DF32F23001DF72B /* GoogleService-Info.plist */; };
		9D1025C5B379F71C939F8C3D /* Pods_CYaPass.framework in Frameworks */ = {isa = PBXBuildFile; fileRef = 985DA0B34DB0790CAD017002 /* Pods_CYaPass.framework */; };
/* End PBXBuildFile section */

/* Begin PBXFileReference section */
		08D29F5E5D00E72A0EA0D6F7 /* Pods-CYaPass.debug.xcconfig */ = {isa = PBXFileReference; includeInIndex = 1; lastKnownFileType = text.xcconfig; name = "Pods-CYaPass.debug.xcconfig"; path = "Pods/Target Support Files/Pods-CYaPass/Pods-CYaPass.debug.xcconfig"; sourceTree = "<group>"; };
		6355268D1DA9A47800390466 /* CYaPass.app */ = {isa = PBXFileReference; explicitFileType = wrapper.application; includeInIndex = 0; path = CYaPass.app; sourceTree = BUILT_PRODUCTS_DIR; };
		635526901DA9A47800390466 /* AppDelegate.swift */ = {isa = PBXFileReference; lastKnownFileType = sourcecode.swift; path = AppDelegate.swift; sourceTree = "<group>"; };
		635526921DA9A47800390466 /* MainViewController.swift */ = {isa = PBXFileReference; lastKnownFileType = sourcecode.swift; path = MainViewController.swift; sourceTree = "<group>"; };
		635526941DA9A47800390466 /* SettingsViewController.swift */ = {isa = PBXFileReference; lastKnownFileType = sourcecode.swift; path = SettingsViewController.swift; sourceTree = "<group>"; };
		635526971DA9A47800390466 /* Base */ = {isa = PBXFileReference; lastKnownFileType = file.storyboard; name = Base; path = Base.lproj/Main.storyboard; sourceTree = "<group>"; };
		635526991DA9A47800390466 /* Assets.xcassets */ = {isa = PBXFileReference; lastKnownFileType = folder.assetcatalog; path = Assets.xcassets; sourceTree = "<group>"; };
		6355269C1DA9A47900390466 /* Base */ = {isa = PBXFileReference; lastKnownFileType = file.storyboard; name = Base; path = Base.lproj/LaunchScreen.storyboard; sourceTree = "<group>"; };
		6355269E1DA9A47900390466 /* Info.plist */ = {isa = PBXFileReference; lastKnownFileType = text.plist.xml; path = Info.plist; sourceTree = "<group>"; };
		635526A41DA9BF4500390466 /* MainBridge.h */ = {isa = PBXFileReference; fileEncoding = 4; lastKnownFileType = sourcecode.c.h; path = MainBridge.h; sourceTree = "<group>"; };
		635526A51DAA8E6500390466 /* UserPath.swift */ = {isa = PBXFileReference; fileEncoding = 4; lastKnownFileType = sourcecode.swift; path = UserPath.swift; sourceTree = "<group>"; };
		635526A71DAA8E8F00390466 /* SiteKey.swift */ = {isa = PBXFileReference; fileEncoding = 4; lastKnownFileType = sourcecode.swift; path = SiteKey.swift; sourceTree = "<group>"; };
		635526A91DAA920500390466 /* HashGenerator.swift */ = {isa = PBXFileReference; fileEncoding = 4; lastKnownFileType = sourcecode.swift; path = HashGenerator.swift; sourceTree = "<group>"; };
		635526AB1DAA935C00390466 /* GridPassView.swift */ = {isa = PBXFileReference; fileEncoding = 4; lastKnownFileType = sourcecode.swift; path = GridPassView.swift; sourceTree = "<group>"; };
		6384D3841DBD381200522303 /* CyaSettings.swift */ = {isa = PBXFileReference; fileEncoding = 4; lastKnownFileType = sourcecode.swift; path = CyaSettings.swift; sourceTree = "<group>"; };
		63A3A67D1DF32F23001DF72B /* GoogleService-Info.plist */ = {isa = PBXFileReference; fileEncoding = 4; lastKnownFileType = text.plist.xml; path = "GoogleService-Info.plist"; sourceTree = "<group>"; };
		63A3A67F1DF37C24001DF72B /* GoogleToolboxForMac.framework */ = {isa = PBXFileReference; lastKnownFileType = wrapper.framework; name = GoogleToolboxForMac.framework; path = "../../../Library/Developer/Xcode/DerivedData/CYaPass-bbufzxzhksqlmweebomsjgsndthm/Build/Products/Debug-iphonesimulator/GoogleToolboxForMac/GoogleToolboxForMac.framework"; sourceTree = "<group>"; };
		63A3A6811DF4700B001DF72B /* CYaPass.entitlements */ = {isa = PBXFileReference; lastKnownFileType = text.plist.entitlements; path = CYaPass.entitlements; sourceTree = "<group>"; };
		985DA0B34DB0790CAD017002 /* Pods_CYaPass.framework */ = {isa = PBXFileReference; explicitFileType = wrapper.framework; includeInIndex = 0; path = Pods_CYaPass.framework; sourceTree = BUILT_PRODUCTS_DIR; };
		FA56FF3AF914F6000FA7533D /* Pods-CYaPass.release.xcconfig */ = {isa = PBXFileReference; includeInIndex = 1; lastKnownFileType = text.xcconfig; name = "Pods-CYaPass.release.xcconfig"; path = "Pods/Target Support Files/Pods-CYaPass/Pods-CYaPass.release.xcconfig"; sourceTree = "<group>"; };
/* End PBXFileReference section */

/* Begin PBXFrameworksBuildPhase section */
		6355268A1DA9A47800390466 /* Frameworks */ = {
			isa = PBXFrameworksBuildPhase;
			buildActionMask = 2147483647;
			files = (
				9D1025C5B379F71C939F8C3D /* Pods_CYaPass.framework in Frameworks */,
			);
			runOnlyForDeploymentPostprocessing = 0;
		};
/* End PBXFrameworksBuildPhase section */

/* Begin PBXGroup section */
		635526841DA9A47800390466 = {
			isa = PBXGroup;
			children = (
				6355268F1DA9A47800390466 /* CYaPass */,
				6355268E1DA9A47800390466 /* Products */,
				7544CBB872FB58DBF7560EDE /* Pods */,
				EE9EF3A2A0FFC8B3932FE67E /* Frameworks */,
			);
			sourceTree = "<group>";
		};
		6355268E1DA9A47800390466 /* Products */ = {
			isa = PBXGroup;
			children = (
				6355268D1DA9A47800390466 /* CYaPass.app */,
			);
			name = Products;
			sourceTree = "<group>";
		};
		6355268F1DA9A47800390466 /* CYaPass */ = {
			isa = PBXGroup;
			children = (
				63A3A6811DF4700B001DF72B /* CYaPass.entitlements */,
				63A3A67D1DF32F23001DF72B /* GoogleService-Info.plist */,
				635526A41DA9BF4500390466 /* MainBridge.h */,
				635526901DA9A47800390466 /* AppDelegate.swift */,
				635526921DA9A47800390466 /* MainViewController.swift */,
				635526941DA9A47800390466 /* SettingsViewController.swift */,
				635526961DA9A47800390466 /* Main.storyboard */,
				635526991DA9A47800390466 /* Assets.xcassets */,
				6355269B1DA9A47900390466 /* LaunchScreen.storyboard */,
				6355269E1DA9A47900390466 /* Info.plist */,
				635526A51DAA8E6500390466 /* UserPath.swift */,
				635526A71DAA8E8F00390466 /* SiteKey.swift */,
				635526A91DAA920500390466 /* HashGenerator.swift */,
				635526AB1DAA935C00390466 /* GridPassView.swift */,
				6384D3841DBD381200522303 /* CyaSettings.swift */,
			);
			path = CYaPass;
			sourceTree = "<group>";
		};
		7544CBB872FB58DBF7560EDE /* Pods */ = {
			isa = PBXGroup;
			children = (
				08D29F5E5D00E72A0EA0D6F7 /* Pods-CYaPass.debug.xcconfig */,
				FA56FF3AF914F6000FA7533D /* Pods-CYaPass.release.xcconfig */,
			);
			name = Pods;
			sourceTree = "<group>";
		};
		EE9EF3A2A0FFC8B3932FE67E /* Frameworks */ = {
			isa = PBXGroup;
			children = (
				63A3A67F1DF37C24001DF72B /* GoogleToolboxForMac.framework */,
				985DA0B34DB0790CAD017002 /* Pods_CYaPass.framework */,
			);
			name = Frameworks;
			sourceTree = "<group>";
		};
/* End PBXGroup section */

/* Begin PBXNativeTarget section */
		6355268C1DA9A47800390466 /* CYaPass */ = {
			isa = PBXNativeTarget;
			buildConfigurationList = 635526A11DA9A47900390466 /* Build configuration list for PBXNativeTarget "CYaPass" */;
			buildPhases = (
				7CF025D2E1D0DB0957C4E829 /* [CP] Check Pods Manifest.lock */,
				635526891DA9A47800390466 /* Sources */,
				6355268A1DA9A47800390466 /* Frameworks */,
				6355268B1DA9A47800390466 /* Resources */,
				E30BD8751D5CB772B19699A6 /* [CP] Embed Pods Frameworks */,
				171952C0841C5A502CF747DC /* [CP] Copy Pods Resources */,
			);
			buildRules = (
			);
			dependencies = (
			);
			name = CYaPass;
			productName = CYaPass;
			productReference = 6355268D1DA9A47800390466 /* CYaPass.app */;
			productType = "com.apple.product-type.application";
		};
/* End PBXNativeTarget section */

/* Begin PBXProject section */
		635526851DA9A47800390466 /* Project object */ = {
			isa = PBXProject;
			attributes = {
				LastSwiftUpdateCheck = 0800;
				LastUpgradeCheck = 0810;
				ORGANIZATIONNAME = "roger deutsch";
				TargetAttributes = {
					6355268C1DA9A47800390466 = {
						CreatedOnToolsVersion = 8.0;
						DevelopmentTeam = FEHZ353535;
						ProvisioningStyle = Automatic;
						SystemCapabilities = {
							com.apple.Keychain = {
								enabled = 1;
							};
						};
					};
				};
			};
			buildConfigurationList = 635526881DA9A47800390466 /* Build configuration list for PBXProject "CYaPass" */;
			compatibilityVersion = "Xcode 3.2";
			developmentRegion = English;
			hasScannedForEncodings = 0;
			knownRegions = (
				en,
				Base,
			);
			mainGroup = 635526841DA9A47800390466;
			productRefGroup = 6355268E1DA9A47800390466 /* Products */;
			projectDirPath = "";
			projectRoot = "";
			targets = (
				6355268C1DA9A47800390466 /* CYaPass */,
			);
		};
/* End PBXProject section */

/* Begin PBXResourcesBuildPhase section */
		6355268B1DA9A47800390466 /* Resources */ = {
			isa = PBXResourcesBuildPhase;
			buildActionMask = 2147483647;
			files = (
				6355269D1DA9A47900390466 /* LaunchScreen.storyboard in Resources */,
				63A3A67E1DF32F23001DF72B /* GoogleService-Info.plist in Resources */,
				6355269A1DA9A47900390466 /* Assets.xcassets in Resources */,
				635526981DA9A47800390466 /* Main.storyboard in Resources */,
			);
			runOnlyForDeploymentPostprocessing = 0;
		};
/* End PBXResourcesBuildPhase section */

/* Begin PBXShellScriptBuildPhase section */
		171952C0841C5A502CF747DC /* [CP] Copy Pods Resources */ = {
			isa = PBXShellScriptBuildPhase;
			buildActionMask = 2147483647;
			files = (
			);
			inputPaths = (
			);
			name = "[CP] Copy Pods Resources";
			outputPaths = (
			);
			runOnlyForDeploymentPostprocessing = 0;
			shellPath = /bin/sh;
			shellScript = "\"${SRCROOT}/Pods/Target Support Files/Pods-CYaPass/Pods-CYaPass-resources.sh\"\n";
			showEnvVarsInLog = 0;
		};
		7CF025D2E1D0DB0957C4E829 /* [CP] Check Pods Manifest.lock */ = {
			isa = PBXShellScriptBuildPhase;
			buildActionMask = 2147483647;
			files = (
			);
			inputPaths = (
			);
			name = "[CP] Check Pods Manifest.lock";
			outputPaths = (
			);
			runOnlyForDeploymentPostprocessing = 0;
			shellPath = /bin/sh;
			shellScript = "diff \"${PODS_ROOT}/../Podfile.lock\" \"${PODS_ROOT}/Manifest.lock\" > /dev/null\nif [ $? != 0 ] ; then\n    # print error to STDERR\n    echo \"error: The sandbox is not in sync with the Podfile.lock. Run 'pod install' or update your CocoaPods installation.\" >&2\n    exit 1\nfi\n";
			showEnvVarsInLog = 0;
		};
		E30BD8751D5CB772B19699A6 /* [CP] Embed Pods Frameworks */ = {
			isa = PBXShellScriptBuildPhase;
			buildActionMask = 2147483647;
			files = (
			);
			inputPaths = (
			);
			name = "[CP] Embed Pods Frameworks";
			outputPaths = (
			);
			runOnlyForDeploymentPostprocessing = 0;
			shellPath = /bin/sh;
			shellScript = "\"${SRCROOT}/Pods/Target Support Files/Pods-CYaPass/Pods-CYaPass-frameworks.sh\"\n";
			showEnvVarsInLog = 0;
		};
/* End PBXShellScriptBuildPhase section */

/* Begin PBXSourcesBuildPhase section */
		635526891DA9A47800390466 /* Sources */ = {
			isa = PBXSourcesBuildPhase;
			buildActionMask = 2147483647;
			files = (
				635526951DA9A47800390466 /* SettingsViewController.swift in Sources */,
				635526AA1DAA920500390466 /* HashGenerator.swift in Sources */,
				6384D3851DBD381200522303 /* CyaSettings.swift in Sources */,
				635526A81DAA8E8F00390466 /* SiteKey.swift in Sources */,
				635526911DA9A47800390466 /* AppDelegate.swift in Sources */,
				635526931DA9A47800390466 /* MainViewController.swift in Sources */,
				635526A61DAA8E6500390466 /* UserPath.swift in Sources */,
				635526AC1DAA935C00390466 /* GridPassView.swift in Sources */,
			);
			runOnlyForDeploymentPostprocessing = 0;
		};
/* End PBXSourcesBuildPhase section */

/* Begin PBXVariantGroup section */
		635526961DA9A47800390466 /* Main.storyboard */ = {
			isa = PBXVariantGroup;
			children = (
				635526971DA9A47800390466 /* Base */,
			);
			name = Main.storyboard;
			sourceTree = "<group>";
		};
		6355269B1DA9A47900390466 /* LaunchScreen.storyboard */ = {
			isa = PBXVariantGroup;
			children = (
				6355269C1DA9A47900390466 /* Base */,
			);
			name = LaunchScreen.storyboard;
			sourceTree = "<group>";
		};
/* End PBXVariantGroup section */

/* Begin XCBuildConfiguration section */
		6355269F1DA9A47900390466 /* Debug */ = {
			isa = XCBuildConfiguration;
			buildSettings = {
				ALWAYS_SEARCH_USER_PATHS = NO;
				CLANG_ANALYZER_NONNULL = YES;
				CLANG_CXX_LANGUAGE_STANDARD = "gnu++0x";
				CLANG_CXX_LIBRARY = "libc++";
				CLANG_ENABLE_MODULES = YES;
				CLANG_ENABLE_OBJC_ARC = YES;
				CLANG_WARN_BOOL_CONVERSION = YES;
				CLANG_WARN_CONSTANT_CONVERSION = YES;
				CLANG_WARN_DIRECT_OBJC_ISA_USAGE = YES_ERROR;
				CLANG_WARN_DOCUMENTATION_COMMENTS = YES;
				CLANG_WARN_EMPTY_BODY = YES;
				CLANG_WARN_ENUM_CONVERSION = YES;
				CLANG_WARN_INFINITE_RECURSION = YES;
				CLANG_WARN_INT_CONVERSION = YES;
				CLANG_WARN_OBJC_ROOT_CLASS = YES_ERROR;
				CLANG_WARN_SUSPICIOUS_MOVE = YES;
				CLANG_WARN_SUSPICIOUS_MOVES = YES;
				CLANG_WARN_UNREACHABLE_CODE = YES;
				CLANG_WARN__DUPLICATE_METHOD_MATCH = YES;
				"CODE_SIGN_IDENTITY[sdk=iphoneos*]" = "iPhone Developer";
				COPY_PHASE_STRIP = NO;
				DEBUG_INFORMATION_FORMAT = dwarf;
				ENABLE_STRICT_OBJC_MSGSEND = YES;
				ENABLE_TESTABILITY = YES;
				GCC_C_LANGUAGE_STANDARD = gnu99;
				GCC_DYNAMIC_NO_PIC = NO;
				GCC_NO_COMMON_BLOCKS = YES;
				GCC_OPTIMIZATION_LEVEL = 0;
				GCC_PREPROCESSOR_DEFINITIONS = (
					"DEBUG=1",
					"$(inherited)",
				);
				GCC_WARN_64_TO_32_BIT_CONVERSION = YES;
				GCC_WARN_ABOUT_RETURN_TYPE = YES_ERROR;
				GCC_WARN_UNDECLARED_SELECTOR = YES;
				GCC_WARN_UNINITIALIZED_AUTOS = YES_AGGRESSIVE;
				GCC_WARN_UNUSED_FUNCTION = YES;
				GCC_WARN_UNUSED_VARIABLE = YES;
				IPHONEOS_DEPLOYMENT_TARGET = 10.0;
				MTL_ENABLE_DEBUG_INFO = YES;
				ONLY_ACTIVE_ARCH = YES;
				SDKROOT = iphoneos;
				SWIFT_ACTIVE_COMPILATION_CONDITIONS = DEBUG;
				SWIFT_OPTIMIZATION_LEVEL = "-Onone";
				TARGETED_DEVICE_FAMILY = "1,2";
			};
			name = Debug;
		};
		635526A01DA9A47900390466 /* Release */ = {
			isa = XCBuildConfiguration;
			buildSettings = {
				ALWAYS_SEARCH_USER_PATHS = NO;
				CLANG_ANALYZER_NONNULL = YES;
				CLANG_CXX_LANGUAGE_STANDARD = "gnu++0x";
				CLANG_CXX_LIBRARY = "libc++";
				CLANG_ENABLE_MODULES = YES;
				CLANG_ENABLE_OBJC_ARC = YES;
				CLANG_WARN_BOOL_CONVERSION = YES;
				CLANG_WARN_CONSTANT_CONVERSION = YES;
				CLANG_WARN_DIRECT_OBJC_ISA_USAGE = YES_ERROR;
				CLANG_WARN_DOCUMENTATION_COMMENTS = YES;
				CLANG_WARN_EMPTY_BODY = YES;
				CLANG_WARN_ENUM_CONVERSION = YES;
				CLANG_WARN_INFINITE_RECURSION = YES;
				CLANG_WARN_INT_CONVERSION = YES;
				CLANG_WARN_OBJC_ROOT_CLASS = YES_ERROR;
				CLANG_WARN_SUSPICIOUS_MOVE = YES;
				CLANG_WARN_SUSPICIOUS_MOVES = YES;
				CLANG_WARN_UNREACHABLE_CODE = YES;
				CLANG_WARN__DUPLICATE_METHOD_MATCH = YES;
				"CODE_SIGN_IDENTITY[sdk=iphoneos*]" = "iPhone Developer";
				COPY_PHASE_STRIP = NO;
				DEBUG_INFORMATION_FORMAT = "dwarf-with-dsym";
				ENABLE_NS_ASSERTIONS = NO;
				ENABLE_STRICT_OBJC_MSGSEND = YES;
				GCC_C_LANGUAGE_STANDARD = gnu99;
				GCC_NO_COMMON_BLOCKS = YES;
				GCC_WARN_64_TO_32_BIT_CONVERSION = YES;
				GCC_WARN_ABOUT_RETURN_TYPE = YES_ERROR;
				GCC_WARN_UNDECLARED_SELECTOR = YES;
				GCC_WARN_UNINITIALIZED_AUTOS = YES_AGGRESSIVE;
				GCC_WARN_UNUSED_FUNCTION = YES;
				GCC_WARN_UNUSED_VARIABLE = YES;
				IPHONEOS_DEPLOYMENT_TARGET = 10.0;
				MTL_ENABLE_DEBUG_INFO = NO;
				SDKROOT = iphoneos;
				SWIFT_OPTIMIZATION_LEVEL = "-Owholemodule";
				TARGETED_DEVICE_FAMILY = "1,2";
				VALIDATE_PRODUCT = YES;
			};
			name = Release;
		};
		635526A21DA9A47900390466 /* Debug */ = {
			isa = XCBuildConfiguration;
			baseConfigurationReference = 08D29F5E5D00E72A0EA0D6F7 /* Pods-CYaPass.debug.xcconfig */;
			buildSettings = {
				ALWAYS_SEARCH_USER_PATHS = NO;
				ASSETCATALOG_COMPILER_APPICON_NAME = AppIcon;
				CODE_SIGN_ENTITLEMENTS = CYaPass/CYaPass.entitlements;
				DEVELOPMENT_TEAM = FEHZ353535;
				ENABLE_BITCODE = NO;
				"FRAMEWORK_SEARCH_PATHS[arch=*]" = (
					"$(inherited)",
					"\"$PODS_CONFIGURATION_BUILD_DIR/GoogleToolboxForMac\"",
					"\"${PODS_ROOT}/FirebaseAnalytics/Frameworks/frameworks\"",
					"\"${PODS_ROOT}/FirebaseCore/Frameworks/frameworks\"",
					"\"${PODS_ROOT}/FirebaseInstanceID/Frameworks/frameworks\"",
					"\"${PODS_ROOT}/Google-Mobile-Ads-SDK/Frameworks\"",
					"\"${PODS_ROOT}/GoogleInterchangeUtilities/Frameworks/frameworks\"",
					"\"${PODS_ROOT}/GoogleSymbolUtilities/Frameworks/frameworks\"",
				);
				INFOPLIST_FILE = CYaPass/Info.plist;
				LD_RUNPATH_SEARCH_PATHS = "$(inherited) @executable_path/Frameworks";
				NEW_SETTING = "";
				PRODUCT_BUNDLE_IDENTIFIER = us.raddev.CYaPass;
				PRODUCT_NAME = "$(TARGET_NAME)";
				SWIFT_OBJC_BRIDGING_HEADER = CYaPass/MainBridge.h;
				"SWIFT_OBJC_BRIDGING_HEADER[arch=*]" = CYaPass/MainBridge.h;
				SWIFT_VERSION = 3.0;
			};
			name = Debug;
		};
		635526A31DA9A47900390466 /* Release */ = {
			isa = XCBuildConfiguration;
			baseConfigurationReference = FA56FF3AF914F6000FA7533D /* Pods-CYaPass.release.xcconfig */;
			buildSettings = {
				ALWAYS_SEARCH_USER_PATHS = NO;
				ASSETCATALOG_COMPILER_APPICON_NAME = AppIcon;
				CODE_SIGN_ENTITLEMENTS = CYaPass/CYaPass.entitlements;
				DEVELOPMENT_TEAM = FEHZ353535;
				ENABLE_BITCODE = NO;
				"FRAMEWORK_SEARCH_PATHS[arch=*]" = (
					"$(inherited)",
					"\"$PODS_CONFIGURATION_BUILD_DIR/GoogleToolboxForMac\"",
					"\"${PODS_ROOT}/FirebaseAnalytics/Frameworks/frameworks\"",
					"\"${PODS_ROOT}/FirebaseCore/Frameworks/frameworks\"",
					"\"${PODS_ROOT}/FirebaseInstanceID/Frameworks/frameworks\"",
					"\"${PODS_ROOT}/GoogleInterchangeUtilities/Frameworks/frameworks\"",
					"\"${PODS_ROOT}/GoogleSymbolUtilities/Frameworks/frameworks\"",
				);
				INFOPLIST_FILE = CYaPass/Info.plist;
				LD_RUNPATH_SEARCH_PATHS = "$(inherited) @executable_path/Frameworks";
				"LIBRARY_SEARCH_PATHS[arch=*]" = "";
				NEW_SETTING = "";
				PRODUCT_BUNDLE_IDENTIFIER = us.raddev.CYaPass;
				PRODUCT_NAME = "$(TARGET_NAME)";
				SWIFT_OBJC_BRIDGING_HEADER = CYaPass/MainBridge.h;
				"SWIFT_OBJC_BRIDGING_HEADER[arch=*]" = CYaPass/MainBridge.h;
				SWIFT_VERSION = 3.0;
			};
			name = Release;
		};
/* End XCBuildConfiguration section */

/* Begin XCConfigurationList section */
		635526881DA9A47800390466 /* Build configuration list for PBXProject "CYaPass" */ = {
			isa = XCConfigurationList;
			buildConfigurations = (
				6355269F1DA9A47900390466 /* Debug */,
				635526A01DA9A47900390466 /* Release */,
			);
			defaultConfigurationIsVisible = 0;
			defaultConfigurationName = Release;
		};
		635526A11DA9A47900390466 /* Build configuration list for PBXNativeTarget "CYaPass" */ = {
			isa = XCConfigurationList;
			buildConfigurations = (
				635526A21DA9A47900390466 /* Debug */,
				635526A31DA9A47900390466 /* Release */,
			);
			defaultConfigurationIsVisible = 0;
			defaultConfigurationName = Release;
		};
/* End XCConfigurationList section */
	};
	rootObject = 635526851DA9A47800390466 /* Project object */;
}
