// !$*UTF8*$!
{
	archiveVersion = 1;
	classes = {
	};
	objectVersion = 46;
	objects = {

/* Begin PBXBuildFile section */
		635526911DA9A47800390466 /* AppDelegate.swift in Sources */ = {isa = PBXBuildFile; fileRef = 635526901DA9A47800390466 /* AppDelegate.swift */; };
		635526931DA9A47800390466 /* MainViewController.swift in Sources */ = {isa = PBXBuildFile; fileRef = 635526921DA9A47800390466 /* MainViewController.swift */; };
		635526951DA9A47800390466 /* SettingsViewController.swift in Sources */ = {isa = PBXBuildFile; fileRef = 635526941DA9A47800390466 /* SettingsViewController.swift */; };
		635526981DA9A47800390466 /* Main.storyboard in Resources */ = {isa = PBXBuildFile; fileRef = 635526961DA9A47800390466 /* Main.storyboard */; };
		6355269A1DA9A47900390466 /* Assets.xcassets in Resources */ = {isa = PBXBuildFile; fileRef = 635526991DA9A47800390466 /* Assets.xcassets */; };
		6355269D1DA9A47900390466 /* LaunchScreen.storyboard in Resources */ = {isa = PBXBuildFile; fileRef = 6355269B1DA9A47900390466 /* LaunchScreen.storyboard */; };
		635526A61DAA8E6500390466 /* UserPath.swift in Sources */ = {isa = PBXBuildFile; fileRef = 635526A51DAA8E6500390466 /* UserPath.swift */; };
		635526A81DAA8E8F00390466 /* SiteKey.swift in Sources */ = {isa = PBXBuildFile; fileRef = 635526A71DAA8E8F00390466 /* SiteKey.swift */; };
		635526AA1DAA920500390466 /* HashGenerator.swift in Sources */ = {isa = PBXBuildFile; fileRef = 635526A91DAA920500390466 /* HashGenerator.swift */; };
		635526AC1DAA935C00390466 /* GridPassView.swift in Sources */ = {isa = PBXBuildFile; fileRef = 635526AB1DAA935C00390466 /* GridPassView.swift */; };
/* End PBXBuildFile section */

/* Begin PBXFileReference section */
		6355268D1DA9A47800390466 /* CYaPass.app */ = {isa = PBXFileReference; explicitFileType = wrapper.application; includeInIndex = 0; path = CYaPass.app; sourceTree = BUILT_PRODUCTS_DIR; };
		635526901DA9A47800390466 /* AppDelegate.swift */ = {isa = PBXFileReference; lastKnownFileType = sourcecode.swift; path = AppDelegate.swift; sourceTree = "<group>"; };
		635526921DA9A47800390466 /* MainViewController.swift */ = {isa = PBXFileReference; lastKnownFileType = sourcecode.swift; path = MainViewController.swift; sourceTree = "<group>"; };
		635526941DA9A47800390466 /* SettingsViewController.swift */ = {isa = PBXFileReference; lastKnownFileType = sourcecode.swift; path = SettingsViewController.swift; sourceTree = "<group>"; };
		635526971DA9A47800390466 /* Base */ = {isa = PBXFileReference; lastKnownFileType = file.storyboard; name = Base; path = Base.lproj/Main.storyboard; sourceTree = "<group>"; };
		635526991DA9A47800390466 /* Assets.xcassets */ = {isa = PBXFileReference; lastKnownFileType = folder.assetcatalog; path = Assets.xcassets; sourceTree = "<group>"; };
		6355269C1DA9A47900390466 /* Base */ = {isa = PBXFileReference; lastKnownFileType = file.storyboard; name = Base; path = Base.lproj/LaunchScreen.storyboard; sourceTree = "<group>"; };
		6355269E1DA9A47900390466 /* Info.plist */ = {isa = PBXFileReference; lastKnownFileType = text.plist.xml; path = Info.plist; sourceTree = "<group>"; };
		635526A41DA9BF4500390466 /* MainBridge.h */ = {isa = PBXFileReference; fileEncoding = 4; lastKnownFileType = sourcecode.c.h; path = MainBridge.h; sourceTree = "<group>"; };
		635526A51DAA8E6500390466 /* UserPath.swift */ = {isa = PBXFileReference; fileEncoding = 4; lastKnownFileType = sourcecode.swift; path = UserPath.swift; sourceTree = "<group>"; };
		635526A71DAA8E8F00390466 /* SiteKey.swift */ = {isa = PBXFileReference; fileEncoding = 4; lastKnownFileType = sourcecode.swift; path = SiteKey.swift; sourceTree = "<group>"; };
		635526A91DAA920500390466 /* HashGenerator.swift */ = {isa = PBXFileReference; fileEncoding = 4; lastKnownFileType = sourcecode.swift; path = HashGenerator.swift; sourceTree = "<group>"; };
		635526AB1DAA935C00390466 /* GridPassView.swift */ = {isa = PBXFileReference; fileEncoding = 4; lastKnownFileType = sourcecode.swift; path = GridPassView.swift; sourceTree = "<group>"; };
/* End PBXFileReference section */

/* Begin PBXFrameworksBuildPhase section */
		6355268A1DA9A47800390466 /* Frameworks */ = {
			isa = PBXFrameworksBuildPhase;
			buildActionMask = 2147483647;
			files = (
			);
			runOnlyForDeploymentPostprocessing = 0;
		};
/* End PBXFrameworksBuildPhase section */

/* Begin PBXGroup section */
		635526841DA9A47800390466 = {
			isa = PBXGroup;
			children = (
				6355268F1DA9A47800390466 /* CYaPass */,
				6355268E1DA9A47800390466 /* Products */,
			);
			sourceTree = "<group>";
		};
		6355268E1DA9A47800390466 /* Products */ = {
			isa = PBXGroup;
			children = (
				6355268D1DA9A47800390466 /* CYaPass.app */,
			);
			name = Products;
			sourceTree = "<group>";
		};
		6355268F1DA9A47800390466 /* CYaPass */ = {
			isa = PBXGroup;
			children = (
				635526A41DA9BF4500390466 /* MainBridge.h */,
				635526901DA9A47800390466 /* AppDelegate.swift */,
				635526921DA9A47800390466 /* MainViewController.swift */,
				635526941DA9A47800390466 /* SettingsViewController.swift */,
				635526961DA9A47800390466 /* Main.storyboard */,
				635526991DA9A47800390466 /* Assets.xcassets */,
				6355269B1DA9A47900390466 /* LaunchScreen.storyboard */,
				6355269E1DA9A47900390466 /* Info.plist */,
				635526A51DAA8E6500390466 /* UserPath.swift */,
				635526A71DAA8E8F00390466 /* SiteKey.swift */,
				635526A91DAA920500390466 /* HashGenerator.swift */,
				635526AB1DAA935C00390466 /* GridPassView.swift */,
			);
			path = CYaPass;
			sourceTree = "<group>";
		};
/* End PBXGroup section */

/* Begin PBXNativeTarget section */
		6355268C1DA9A47800390466 /* CYaPass */ = {
			isa = PBXNativeTarget;
			buildConfigurationList = 635526A11DA9A47900390466 /* Build configuration list for PBXNativeTarget "CYaPass" */;
			buildPhases = (
				635526891DA9A47800390466 /* Sources */,
				6355268A1DA9A47800390466 /* Frameworks */,
				6355268B1DA9A47800390466 /* Resources */,
			);
			buildRules = (
			);
			dependencies = (
			);
			name = CYaPass;
			productName = CYaPass;
			productReference = 6355268D1DA9A47800390466 /* CYaPass.app */;
			productType = "com.apple.product-type.application";
		};
/* End PBXNativeTarget section */

/* Begin PBXProject section */
		635526851DA9A47800390466 /* Project object */ = {
			isa = PBXProject;
			attributes = {
				LastSwiftUpdateCheck = 0800;
				LastUpgradeCheck = 0800;
				ORGANIZATIONNAME = "roger deutsch";
				TargetAttributes = {
					6355268C1DA9A47800390466 = {
						CreatedOnToolsVersion = 8.0;
						DevelopmentTeam = FEHZ353535;
						ProvisioningStyle = Automatic;
					};
				};
			};
			buildConfigurationList = 635526881DA9A47800390466 /* Build configuration list for PBXProject "CYaPass" */;
			compatibilityVersion = "Xcode 3.2";
			developmentRegion = English;
			hasScannedForEncodings = 0;
			knownRegions = (
				en,
				Base,
			);
			mainGroup = 635526841DA9A47800390466;
			productRefGroup = 6355268E1DA9A47800390466 /* Products */;
			projectDirPath = "";
			projectRoot = "";
			targets = (
				6355268C1DA9A47800390466 /* CYaPass */,
			);
		};
/* End PBXProject section */

/* Begin PBXResourcesBuildPhase section */
		6355268B1DA9A47800390466 /* Resources */ = {
			isa = PBXResourcesBuildPhase;
			buildActionMask = 2147483647;
			files = (
				6355269D1DA9A47900390466 /* LaunchScreen.storyboard in Resources */,
				6355269A1DA9A47900390466 /* Assets.xcassets in Resources */,
				635526981DA9A47800390466 /* Main.storyboard in Resources */,
			);
			runOnlyForDeploymentPostprocessing = 0;
		};
/* End PBXResourcesBuildPhase section */

/* Begin PBXSourcesBuildPhase section */
		635526891DA9A47800390466 /* Sources */ = {
			isa = PBXSourcesBuildPhase;
			buildActionMask = 2147483647;
			files = (
				635526951DA9A47800390466 /* SettingsViewController.swift in Sources */,
				635526AA1DAA920500390466 /* HashGenerator.swift in Sources */,
				635526A81DAA8E8F00390466 /* SiteKey.swift in Sources */,
				635526911DA9A47800390466 /* AppDelegate.swift in Sources */,
				635526931DA9A47800390466 /* MainViewController.swift in Sources */,
				635526A61DAA8E6500390466 /* UserPath.swift in Sources */,
				635526AC1DAA935C00390466 /* GridPassView.swift in Sources */,
			);
			runOnlyForDeploymentPostprocessing = 0;
		};
/* End PBXSourcesBuildPhase section */

/* Begin PBXVariantGroup section */
		635526961DA9A47800390466 /* Main.storyboard */ = {
			isa = PBXVariantGroup;
			children = (
				635526971DA9A47800390466 /* Base */,
			);
			name = Main.storyboard;
			sourceTree = "<group>";
		};
		6355269B1DA9A47900390466 /* LaunchScreen.storyboard */ = {
			isa = PBXVariantGroup;
			children = (
				6355269C1DA9A47900390466 /* Base */,
			);
			name = LaunchScreen.storyboard;
			sourceTree = "<group>";
		};
/* End PBXVariantGroup section */

/* Begin XCBuildConfiguration section */
		6355269F1DA9A47900390466 /* Debug */ = {
			isa = XCBuildConfiguration;
			buildSettings = {
				ALWAYS_SEARCH_USER_PATHS = NO;
				CLANG_ANALYZER_NONNULL = YES;
				CLANG_CXX_LANGUAGE_STANDARD = "gnu++0x";
				CLANG_CXX_LIBRARY = "libc++";
				CLANG_ENABLE_MODULES = YES;
				CLANG_ENABLE_OBJC_ARC = YES;
				CLANG_WARN_BOOL_CONVERSION = YES;
				CLANG_WARN_CONSTANT_CONVERSION = YES;
				CLANG_WARN_DIRECT_OBJC_ISA_USAGE = YES_ERROR;
				CLANG_WARN_DOCUMENTATION_COMMENTS = YES;
				CLANG_WARN_EMPTY_BODY = YES;
				CLANG_WARN_ENUM_CONVERSION = YES;
				CLANG_WARN_INFINITE_RECURSION = YES;
				CLANG_WARN_INT_CONVERSION = YES;
				CLANG_WARN_OBJC_ROOT_CLASS = YES_ERROR;
				CLANG_WARN_SUSPICIOUS_MOVES = YES;
				CLANG_WARN_UNREACHABLE_CODE = YES;
				CLANG_WARN__DUPLICATE_METHOD_MATCH = YES;
				"CODE_SIGN_IDENTITY[sdk=iphoneos*]" = "iPhone Developer";
				COPY_PHASE_STRIP = NO;
				DEBUG_INFORMATION_FORMAT = dwarf;
				ENABLE_STRICT_OBJC_MSGSEND = YES;
				ENABLE_TESTABILITY = YES;
				GCC_C_LANGUAGE_STANDARD = gnu99;
				GCC_DYNAMIC_NO_PIC = NO;
				GCC_NO_COMMON_BLOCKS = YES;
				GCC_OPTIMIZATION_LEVEL = 0;
				GCC_PREPROCESSOR_DEFINITIONS = (
					"DEBUG=1",
					"$(inherited)",
				);
				GCC_WARN_64_TO_32_BIT_CONVERSION = YES;
				GCC_WARN_ABOUT_RETURN_TYPE = YES_ERROR;
				GCC_WARN_UNDECLARED_SELECTOR = YES;
				GCC_WARN_UNINITIALIZED_AUTOS = YES_AGGRESSIVE;
				GCC_WARN_UNUSED_FUNCTION = YES;
				GCC_WARN_UNUSED_VARIABLE = YES;
				IPHONEOS_DEPLOYMENT_TARGET = 10.0;
				MTL_ENABLE_DEBUG_INFO = YES;
				ONLY_ACTIVE_ARCH = YES;
				SDKROOT = iphoneos;
				SWIFT_ACTIVE_COMPILATION_CONDITIONS = DEBUG;
				SWIFT_OPTIMIZATION_LEVEL = "-Onone";
				TARGETED_DEVICE_FAMILY = "1,2";
			};
			name = Debug;
		};
		635526A01DA9A47900390466 /* Release */ = {
			isa = XCBuildConfiguration;
			buildSettings = {
				ALWAYS_SEARCH_USER_PATHS = NO;
				CLANG_ANALYZER_NONNULL = YES;
				CLANG_CXX_LANGUAGE_STANDARD = "gnu++0x";
				CLANG_CXX_LIBRARY = "libc++";
				CLANG_ENABLE_MODULES = YES;
				CLANG_ENABLE_OBJC_ARC = YES;
				CLANG_WARN_BOOL_CONVERSION = YES;
				CLANG_WARN_CONSTANT_CONVERSION = YES;
				CLANG_WARN_DIRECT_OBJC_ISA_USAGE = YES_ERROR;
				CLANG_WARN_DOCUMENTATION_COMMENTS = YES;
				CLANG_WARN_EMPTY_BODY = YES;
				CLANG_WARN_ENUM_CONVERSION = YES;
				CLANG_WARN_INFINITE_RECURSION = YES;
				CLANG_WARN_INT_CONVERSION = YES;
				CLANG_WARN_OBJC_ROOT_CLASS = YES_ERROR;
				CLANG_WARN_SUSPICIOUS_MOVES = YES;
				CLANG_WARN_UNREACHABLE_CODE = YES;
				CLANG_WARN__DUPLICATE_METHOD_MATCH = YES;
				"CODE_SIGN_IDENTITY[sdk=iphoneos*]" = "iPhone Developer";
				COPY_PHASE_STRIP = NO;
				DEBUG_INFORMATION_FORMAT = "dwarf-with-dsym";
				ENABLE_NS_ASSERTIONS = NO;
				ENABLE_STRICT_OBJC_MSGSEND = YES;
				GCC_C_LANGUAGE_STANDARD = gnu99;
				GCC_NO_COMMON_BLOCKS = YES;
				GCC_WARN_64_TO_32_BIT_CONVERSION = YES;
				GCC_WARN_ABOUT_RETURN_TYPE = YES_ERROR;
				GCC_WARN_UNDECLARED_SELECTOR = YES;
				GCC_WARN_UNINITIALIZED_AUTOS = YES_AGGRESSIVE;
				GCC_WARN_UNUSED_FUNCTION = YES;
				GCC_WARN_UNUSED_VARIABLE = YES;
				IPHONEOS_DEPLOYMENT_TARGET = 10.0;
				MTL_ENABLE_DEBUG_INFO = NO;
				SDKROOT = iphoneos;
				SWIFT_OPTIMIZATION_LEVEL = "-Owholemodule";
				TARGETED_DEVICE_FAMILY = "1,2";
				VALIDATE_PRODUCT = YES;
			};
			name = Release;
		};
		635526A21DA9A47900390466 /* Debug */ = {
			isa = XCBuildConfiguration;
			buildSettings = {
				ASSETCATALOG_COMPILER_APPICON_NAME = AppIcon;
				DEVELOPMENT_TEAM = FEHZ353535;
				INFOPLIST_FILE = CYaPass/Info.plist;
				LD_RUNPATH_SEARCH_PATHS = "$(inherited) @executable_path/Frameworks";
				NEW_SETTING = "";
				PRODUCT_BUNDLE_IDENTIFIER = com.raddevus.CYaPass;
				PRODUCT_NAME = "$(TARGET_NAME)";
				SWIFT_OBJC_BRIDGING_HEADER = CYaPass/MainBridge.h;
				"SWIFT_OBJC_BRIDGING_HEADER[arch=*]" = CYaPass/MainBridge.h;
				SWIFT_VERSION = 3.0;
			};
			name = Debug;
		};
		635526A31DA9A47900390466 /* Release */ = {
			isa = XCBuildConfiguration;
			buildSettings = {
				ASSETCATALOG_COMPILER_APPICON_NAME = AppIcon;
				DEVELOPMENT_TEAM = FEHZ353535;
				INFOPLIST_FILE = CYaPass/Info.plist;
				LD_RUNPATH_SEARCH_PATHS = "$(inherited) @executable_path/Frameworks";
				NEW_SETTING = "";
				PRODUCT_BUNDLE_IDENTIFIER = com.raddevus.CYaPass;
				PRODUCT_NAME = "$(TARGET_NAME)";
				SWIFT_OBJC_BRIDGING_HEADER = CYaPass/MainBridge.h;
				"SWIFT_OBJC_BRIDGING_HEADER[arch=*]" = CYaPass/MainBridge.h;
				SWIFT_VERSION = 3.0;
			};
			name = Release;
		};
/* End XCBuildConfiguration section */

/* Begin XCConfigurationList section */
		635526881DA9A47800390466 /* Build configuration list for PBXProject "CYaPass" */ = {
			isa = XCConfigurationList;
			buildConfigurations = (
				6355269F1DA9A47900390466 /* Debug */,
				635526A01DA9A47900390466 /* Release */,
			);
			defaultConfigurationIsVisible = 0;
			defaultConfigurationName = Release;
		};
		635526A11DA9A47900390466 /* Build configuration list for PBXNativeTarget "CYaPass" */ = {
			isa = XCConfigurationList;
			buildConfigurations = (
				635526A21DA9A47900390466 /* Debug */,
				635526A31DA9A47900390466 /* Release */,
			);
			defaultConfigurationIsVisible = 0;
			defaultConfigurationName = Release;
		};
/* End XCConfigurationList section */
	};
	rootObject = 635526851DA9A47800390466 /* Project object */;
}
